{
  "requires": true,
  "lockfileVersion": 1,
  "dependencies": {
    "storage-factory": {
      "version": "0.1.0",
      "resolved": "https://registry.npmjs.org/storage-factory/-/storage-factory-0.1.0.tgz",
      "integrity": "sha512-o2UQLqL6yiTT8jm7+fdh99tNSFBhlXd0HzHePqOC3OniHfXFhSDKvmHboVGSIPKJ8604/bBhT15Be5g7YpUZKw=="
    }
  }
}
